// !$*UTF8*$!
{
	archiveVersion = 1;
	classes = {
	};
	objectVersion = 56;
	objects = {

/* Begin PBXBuildFile section */
		C423BD2E2C5E674A0066ACBC /* SignUpController.swift in Sources */ = {isa = PBXBuildFile; fileRef = C423BD2D2C5E674A0066ACBC /* SignUpController.swift */; };
		C42C80032C657E6F009D499A /* SignUpViewModel.swift in Sources */ = {isa = PBXBuildFile; fileRef = C42C80022C657E6F009D499A /* SignUpViewModel.swift */; };
		C42C80052C657EE9009D499A /* SignInViewModel.swift in Sources */ = {isa = PBXBuildFile; fileRef = C42C80042C657EE9009D499A /* SignInViewModel.swift */; };
		C43FCFB92C56DCB9005A1AFA /* SignInController.swift in Sources */ = {isa = PBXBuildFile; fileRef = C43FCFB82C56DCB9005A1AFA /* SignInController.swift */; };
		C4519CA52C8E358E0039ACCF /* CorAddShopController.swift in Sources */ = {isa = PBXBuildFile; fileRef = C4519CA42C8E358E0039ACCF /* CorAddShopController.swift */; };
		C4DB6BD12C8FACA3004DF615 /* CoreLocation.framework in Frameworks */ = {isa = PBXBuildFile; fileRef = C4DB6BD02C8FACA3004DF615 /* CoreLocation.framework */; };
		D93B92372C56DB0400F0BF6F /* Views.swift in Sources */ = {isa = PBXBuildFile; fileRef = D93B92362C56DB0400F0BF6F /* Views.swift */; };
		D946D3E72C81EB4100A56EF7 /* TableView.swift in Sources */ = {isa = PBXBuildFile; fileRef = D946D3E62C81EB4100A56EF7 /* TableView.swift */; };
		D946D3E92C81EB9F00A56EF7 /* TrainingController.swift in Sources */ = {isa = PBXBuildFile; fileRef = D946D3E82C81EB9F00A56EF7 /* TrainingController.swift */; };
		D946D3EC2C81EBD200A56EF7 /* TrainingViewModel.swift in Sources */ = {isa = PBXBuildFile; fileRef = D946D3EB2C81EBD200A56EF7 /* TrainingViewModel.swift */; };
		D946D3EE2C81EC8700A56EF7 /* TrainingTableView.swift in Sources */ = {isa = PBXBuildFile; fileRef = D946D3ED2C81EC8700A56EF7 /* TrainingTableView.swift */; };
		D946D3F22C82112B00A56EF7 /* CorporateTabbarController.swift in Sources */ = {isa = PBXBuildFile; fileRef = D946D3F12C82112B00A56EF7 /* CorporateTabbarController.swift */; };
		D946D3F42C82114D00A56EF7 /* IndividualTabbarController.swift in Sources */ = {isa = PBXBuildFile; fileRef = D946D3F32C82114D00A56EF7 /* IndividualTabbarController.swift */; };
		D94F15B42C7218BF00CD0850 /* ParserService.swift in Sources */ = {isa = PBXBuildFile; fileRef = D94F15B32C7218BF00CD0850 /* ParserService.swift */; };
		D94F15B62C723A3F00CD0850 /* SegmentView.swift in Sources */ = {isa = PBXBuildFile; fileRef = D94F15B52C723A3F00CD0850 /* SegmentView.swift */; };
		D95308272C8CB4F500914617 /* CorProfileNavigationController.swift in Sources */ = {isa = PBXBuildFile; fileRef = D95308262C8CB4F500914617 /* CorProfileNavigationController.swift */; };
		D953082A2C8CB54100914617 /* CorProfileController.swift in Sources */ = {isa = PBXBuildFile; fileRef = D95308292C8CB54100914617 /* CorProfileController.swift */; };
		D953082C2C8CB57400914617 /* CorProfileViewModel.swift in Sources */ = {isa = PBXBuildFile; fileRef = D953082B2C8CB57400914617 /* CorProfileViewModel.swift */; };
		D953082F2C8CB5C400914617 /* CorShopsNavigationController.swift in Sources */ = {isa = PBXBuildFile; fileRef = D953082E2C8CB5C400914617 /* CorShopsNavigationController.swift */; };
		D95308322C8CB5F800914617 /* CorShopsController.swift in Sources */ = {isa = PBXBuildFile; fileRef = D95308312C8CB5F800914617 /* CorShopsController.swift */; };
		D95308342C8CB61100914617 /* CorShopsViewModel.swift in Sources */ = {isa = PBXBuildFile; fileRef = D95308332C8CB61100914617 /* CorShopsViewModel.swift */; };
		D9578F682C65696200D6DB1E /* TextFieldLayout.swift in Sources */ = {isa = PBXBuildFile; fileRef = D9578F672C65696200D6DB1E /* TextFieldLayout.swift */; };
		D97846842C9CBE73008ED603 /* LocationService.swift in Sources */ = {isa = PBXBuildFile; fileRef = D97846832C9CBE73008ED603 /* LocationService.swift */; };
		D9B02A722C558B890018B499 /* AppDelegate.swift in Sources */ = {isa = PBXBuildFile; fileRef = D9B02A712C558B890018B499 /* AppDelegate.swift */; };
		D9B02A742C558B890018B499 /* SceneDelegate.swift in Sources */ = {isa = PBXBuildFile; fileRef = D9B02A732C558B890018B499 /* SceneDelegate.swift */; };
		D9B02A7B2C558B8A0018B499 /* Assets.xcassets in Resources */ = {isa = PBXBuildFile; fileRef = D9B02A7A2C558B8A0018B499 /* Assets.xcassets */; };
		D9B02A7E2C558B8A0018B499 /* Base in Resources */ = {isa = PBXBuildFile; fileRef = D9B02A7D2C558B8A0018B499 /* Base */; };
		D9B02A862C5593BF0018B499 /* GoogleService-Info.plist in Resources */ = {isa = PBXBuildFile; fileRef = D9B02A852C5593BF0018B499 /* GoogleService-Info.plist */; };
		D9B02A892C559D4E0018B499 /* Controller.swift in Sources */ = {isa = PBXBuildFile; fileRef = D9B02A882C559D4E0018B499 /* Controller.swift */; };
		D9B02A8B2C559D880018B499 /* ViewModel.swift in Sources */ = {isa = PBXBuildFile; fileRef = D9B02A8A2C559D880018B499 /* ViewModel.swift */; };
		D9B02A8D2C559DA00018B499 /* NavigationController.swift in Sources */ = {isa = PBXBuildFile; fileRef = D9B02A8C2C559DA00018B499 /* NavigationController.swift */; };
		D9B02A8F2C559DE40018B499 /* TabbarController.swift in Sources */ = {isa = PBXBuildFile; fileRef = D9B02A8E2C559DE40018B499 /* TabbarController.swift */; };
		D9B02A932C559E2A0018B499 /* SplashController.swift in Sources */ = {isa = PBXBuildFile; fileRef = D9B02A922C559E2A0018B499 /* SplashController.swift */; };
		D9B02A952C559E3A0018B499 /* SplashViewModel.swift in Sources */ = {isa = PBXBuildFile; fileRef = D9B02A942C559E3A0018B499 /* SplashViewModel.swift */; };
		D9B559A42C7916FD007DA2C8 /* UserDefaultsService.swift in Sources */ = {isa = PBXBuildFile; fileRef = D9B559A32C7916FD007DA2C8 /* UserDefaultsService.swift */; };
		D9CCD8682C62C42900CA713C /* AuthService.swift in Sources */ = {isa = PBXBuildFile; fileRef = D9CCD8672C62C42900CA713C /* AuthService.swift */; };
		D9CCD86A2C62C45B00CA713C /* DatabaseService.swift in Sources */ = {isa = PBXBuildFile; fileRef = D9CCD8692C62C45B00CA713C /* DatabaseService.swift */; };
		D9CCD86C2C62C73300CA713C /* Extensions.swift in Sources */ = {isa = PBXBuildFile; fileRef = D9CCD86B2C62C73300CA713C /* Extensions.swift */; };
		D9CCD86E2C62E05B00CA713C /* LoadingView.swift in Sources */ = {isa = PBXBuildFile; fileRef = D9CCD86D2C62E05B00CA713C /* LoadingView.swift */; };
		D9D028812C68FEE3008D3731 /* AlertView.swift in Sources */ = {isa = PBXBuildFile; fileRef = D9D028802C68FEE3008D3731 /* AlertView.swift */; };
		D9D028832C68FFA7008D3731 /* Enums.swift in Sources */ = {isa = PBXBuildFile; fileRef = D9D028822C68FFA7008D3731 /* Enums.swift */; };
		D9D028852C6901EC008D3731 /* Models.swift in Sources */ = {isa = PBXBuildFile; fileRef = D9D028842C6901EC008D3731 /* Models.swift */; };
		D9D6D2252C8DEBF600037CCD /* CorAddShopViewModel.swift in Sources */ = {isa = PBXBuildFile; fileRef = D9D6D2242C8DEBF600037CCD /* CorAddShopViewModel.swift */; };
		D9D7CAD62C7A39AF0006B2FB /* LoginNavigationController.swift in Sources */ = {isa = PBXBuildFile; fileRef = D9D7CAD52C7A39AF0006B2FB /* LoginNavigationController.swift */; };
		D9F564CB2C597BA600DEDC66 /* Buttons.swift in Sources */ = {isa = PBXBuildFile; fileRef = D9F564CA2C597BA600DEDC66 /* Buttons.swift */; };
		D9F564CE2C597C1E00DEDC66 /* Device.swift in Sources */ = {isa = PBXBuildFile; fileRef = D9F564CD2C597C1E00DEDC66 /* Device.swift */; };
		E48A16221C3BA4555456AD04 /* Pods_Ecommerce.framework in Frameworks */ = {isa = PBXBuildFile; fileRef = E3078625EF13FE0A4CFCA136 /* Pods_Ecommerce.framework */; };
/* End PBXBuildFile section */

/* Begin PBXFileReference section */
		02D4373426EC8798603F4737 /* Pods-Ecommerce.release.xcconfig */ = {isa = PBXFileReference; includeInIndex = 1; lastKnownFileType = text.xcconfig; name = "Pods-Ecommerce.release.xcconfig"; path = "Target Support Files/Pods-Ecommerce/Pods-Ecommerce.release.xcconfig"; sourceTree = "<group>"; };
		8E4A067E0C7D83D303BC9230 /* Pods-Ecommerce.debug.xcconfig */ = {isa = PBXFileReference; includeInIndex = 1; lastKnownFileType = text.xcconfig; name = "Pods-Ecommerce.debug.xcconfig"; path = "Target Support Files/Pods-Ecommerce/Pods-Ecommerce.debug.xcconfig"; sourceTree = "<group>"; };
		C423BD2D2C5E674A0066ACBC /* SignUpController.swift */ = {isa = PBXFileReference; lastKnownFileType = sourcecode.swift; path = SignUpController.swift; sourceTree = "<group>"; };
		C42C80022C657E6F009D499A /* SignUpViewModel.swift */ = {isa = PBXFileReference; lastKnownFileType = sourcecode.swift; path = SignUpViewModel.swift; sourceTree = "<group>"; };
		C42C80042C657EE9009D499A /* SignInViewModel.swift */ = {isa = PBXFileReference; lastKnownFileType = sourcecode.swift; path = SignInViewModel.swift; sourceTree = "<group>"; };
		C43FCFB82C56DCB9005A1AFA /* SignInController.swift */ = {isa = PBXFileReference; lastKnownFileType = sourcecode.swift; path = SignInController.swift; sourceTree = "<group>"; };
		C4519CA42C8E358E0039ACCF /* CorAddShopController.swift */ = {isa = PBXFileReference; lastKnownFileType = sourcecode.swift; path = CorAddShopController.swift; sourceTree = "<group>"; };
		C4DB6BD02C8FACA3004DF615 /* CoreLocation.framework */ = {isa = PBXFileReference; lastKnownFileType = wrapper.framework; name = CoreLocation.framework; path = System/Library/Frameworks/CoreLocation.framework; sourceTree = SDKROOT; };
		D93B92362C56DB0400F0BF6F /* Views.swift */ = {isa = PBXFileReference; lastKnownFileType = sourcecode.swift; path = Views.swift; sourceTree = "<group>"; };
		D946D3E62C81EB4100A56EF7 /* TableView.swift */ = {isa = PBXFileReference; lastKnownFileType = sourcecode.swift; path = TableView.swift; sourceTree = "<group>"; };
		D946D3E82C81EB9F00A56EF7 /* TrainingController.swift */ = {isa = PBXFileReference; lastKnownFileType = sourcecode.swift; path = TrainingController.swift; sourceTree = "<group>"; };
		D946D3EB2C81EBD200A56EF7 /* TrainingViewModel.swift */ = {isa = PBXFileReference; lastKnownFileType = sourcecode.swift; path = TrainingViewModel.swift; sourceTree = "<group>"; };
		D946D3ED2C81EC8700A56EF7 /* TrainingTableView.swift */ = {isa = PBXFileReference; lastKnownFileType = sourcecode.swift; path = TrainingTableView.swift; sourceTree = "<group>"; };
		D946D3F12C82112B00A56EF7 /* CorporateTabbarController.swift */ = {isa = PBXFileReference; lastKnownFileType = sourcecode.swift; name = CorporateTabbarController.swift; path = Ecommerce/scenes/training/CorporateTabbarController.swift; sourceTree = SOURCE_ROOT; };
		D946D3F32C82114D00A56EF7 /* IndividualTabbarController.swift */ = {isa = PBXFileReference; lastKnownFileType = sourcecode.swift; path = IndividualTabbarController.swift; sourceTree = "<group>"; };
		D94F15B32C7218BF00CD0850 /* ParserService.swift */ = {isa = PBXFileReference; lastKnownFileType = sourcecode.swift; path = ParserService.swift; sourceTree = "<group>"; };
		D94F15B52C723A3F00CD0850 /* SegmentView.swift */ = {isa = PBXFileReference; lastKnownFileType = sourcecode.swift; path = SegmentView.swift; sourceTree = "<group>"; };
		D95308262C8CB4F500914617 /* CorProfileNavigationController.swift */ = {isa = PBXFileReference; lastKnownFileType = sourcecode.swift; path = CorProfileNavigationController.swift; sourceTree = "<group>"; };
		D95308292C8CB54100914617 /* CorProfileController.swift */ = {isa = PBXFileReference; lastKnownFileType = sourcecode.swift; path = CorProfileController.swift; sourceTree = "<group>"; };
		D953082B2C8CB57400914617 /* CorProfileViewModel.swift */ = {isa = PBXFileReference; lastKnownFileType = sourcecode.swift; path = CorProfileViewModel.swift; sourceTree = "<group>"; };
		D953082E2C8CB5C400914617 /* CorShopsNavigationController.swift */ = {isa = PBXFileReference; lastKnownFileType = sourcecode.swift; path = CorShopsNavigationController.swift; sourceTree = "<group>"; };
		D95308312C8CB5F800914617 /* CorShopsController.swift */ = {isa = PBXFileReference; lastKnownFileType = sourcecode.swift; path = CorShopsController.swift; sourceTree = "<group>"; };
		D95308332C8CB61100914617 /* CorShopsViewModel.swift */ = {isa = PBXFileReference; lastKnownFileType = sourcecode.swift; path = CorShopsViewModel.swift; sourceTree = "<group>"; };
		D9578F672C65696200D6DB1E /* TextFieldLayout.swift */ = {isa = PBXFileReference; lastKnownFileType = sourcecode.swift; path = TextFieldLayout.swift; sourceTree = "<group>"; };
		D97846832C9CBE73008ED603 /* LocationService.swift */ = {isa = PBXFileReference; lastKnownFileType = sourcecode.swift; path = LocationService.swift; sourceTree = "<group>"; };
		D9B02A6E2C558B890018B499 /* Ecommerce.app */ = {isa = PBXFileReference; explicitFileType = wrapper.application; includeInIndex = 0; path = Ecommerce.app; sourceTree = BUILT_PRODUCTS_DIR; };
		D9B02A712C558B890018B499 /* AppDelegate.swift */ = {isa = PBXFileReference; lastKnownFileType = sourcecode.swift; path = AppDelegate.swift; sourceTree = "<group>"; };
		D9B02A732C558B890018B499 /* SceneDelegate.swift */ = {isa = PBXFileReference; lastKnownFileType = sourcecode.swift; path = SceneDelegate.swift; sourceTree = "<group>"; };
		D9B02A7A2C558B8A0018B499 /* Assets.xcassets */ = {isa = PBXFileReference; lastKnownFileType = folder.assetcatalog; path = Assets.xcassets; sourceTree = "<group>"; };
		D9B02A7D2C558B8A0018B499 /* Base */ = {isa = PBXFileReference; lastKnownFileType = file.storyboard; name = Base; path = Base.lproj/LaunchScreen.storyboard; sourceTree = "<group>"; };
		D9B02A7F2C558B8A0018B499 /* Info.plist */ = {isa = PBXFileReference; lastKnownFileType = text.plist.xml; path = Info.plist; sourceTree = "<group>"; };
		D9B02A852C5593BF0018B499 /* GoogleService-Info.plist */ = {isa = PBXFileReference; fileEncoding = 4; lastKnownFileType = text.plist.xml; path = "GoogleService-Info.plist"; sourceTree = "<group>"; };
		D9B02A882C559D4E0018B499 /* Controller.swift */ = {isa = PBXFileReference; lastKnownFileType = sourcecode.swift; path = Controller.swift; sourceTree = "<group>"; };
		D9B02A8A2C559D880018B499 /* ViewModel.swift */ = {isa = PBXFileReference; lastKnownFileType = sourcecode.swift; path = ViewModel.swift; sourceTree = "<group>"; };
		D9B02A8C2C559DA00018B499 /* NavigationController.swift */ = {isa = PBXFileReference; lastKnownFileType = sourcecode.swift; path = NavigationController.swift; sourceTree = "<group>"; };
		D9B02A8E2C559DE40018B499 /* TabbarController.swift */ = {isa = PBXFileReference; lastKnownFileType = sourcecode.swift; path = TabbarController.swift; sourceTree = "<group>"; };
		D9B02A922C559E2A0018B499 /* SplashController.swift */ = {isa = PBXFileReference; lastKnownFileType = sourcecode.swift; path = SplashController.swift; sourceTree = "<group>"; };
		D9B02A942C559E3A0018B499 /* SplashViewModel.swift */ = {isa = PBXFileReference; lastKnownFileType = sourcecode.swift; path = SplashViewModel.swift; sourceTree = "<group>"; };
		D9B559A32C7916FD007DA2C8 /* UserDefaultsService.swift */ = {isa = PBXFileReference; lastKnownFileType = sourcecode.swift; path = UserDefaultsService.swift; sourceTree = "<group>"; };
		D9CCD8672C62C42900CA713C /* AuthService.swift */ = {isa = PBXFileReference; lastKnownFileType = sourcecode.swift; name = AuthService.swift; path = Ecommerce/base/AuthService.swift; sourceTree = SOURCE_ROOT; };
		D9CCD8692C62C45B00CA713C /* DatabaseService.swift */ = {isa = PBXFileReference; lastKnownFileType = sourcecode.swift; path = DatabaseService.swift; sourceTree = "<group>"; };
		D9CCD86B2C62C73300CA713C /* Extensions.swift */ = {isa = PBXFileReference; lastKnownFileType = sourcecode.swift; path = Extensions.swift; sourceTree = "<group>"; };
		D9CCD86D2C62E05B00CA713C /* LoadingView.swift */ = {isa = PBXFileReference; lastKnownFileType = sourcecode.swift; path = LoadingView.swift; sourceTree = "<group>"; };
		D9D028802C68FEE3008D3731 /* AlertView.swift */ = {isa = PBXFileReference; lastKnownFileType = sourcecode.swift; path = AlertView.swift; sourceTree = "<group>"; };
		D9D028822C68FFA7008D3731 /* Enums.swift */ = {isa = PBXFileReference; lastKnownFileType = sourcecode.swift; path = Enums.swift; sourceTree = "<group>"; };
		D9D028842C6901EC008D3731 /* Models.swift */ = {isa = PBXFileReference; lastKnownFileType = sourcecode.swift; path = Models.swift; sourceTree = "<group>"; };
		D9D6D2242C8DEBF600037CCD /* CorAddShopViewModel.swift */ = {isa = PBXFileReference; lastKnownFileType = sourcecode.swift; path = CorAddShopViewModel.swift; sourceTree = "<group>"; };
		D9D7CAD52C7A39AF0006B2FB /* LoginNavigationController.swift */ = {isa = PBXFileReference; lastKnownFileType = sourcecode.swift; path = LoginNavigationController.swift; sourceTree = "<group>"; };
		D9F564CA2C597BA600DEDC66 /* Buttons.swift */ = {isa = PBXFileReference; lastKnownFileType = sourcecode.swift; path = Buttons.swift; sourceTree = "<group>"; };
		D9F564CD2C597C1E00DEDC66 /* Device.swift */ = {isa = PBXFileReference; lastKnownFileType = sourcecode.swift; path = Device.swift; sourceTree = "<group>"; };
		E3078625EF13FE0A4CFCA136 /* Pods_Ecommerce.framework */ = {isa = PBXFileReference; explicitFileType = wrapper.framework; includeInIndex = 0; path = Pods_Ecommerce.framework; sourceTree = BUILT_PRODUCTS_DIR; };
/* End PBXFileReference section */

/* Begin PBXFrameworksBuildPhase section */
		D9B02A6B2C558B890018B499 /* Frameworks */ = {
			isa = PBXFrameworksBuildPhase;
			buildActionMask = 2147483647;
			files = (
				C4DB6BD12C8FACA3004DF615 /* CoreLocation.framework in Frameworks */,
				E48A16221C3BA4555456AD04 /* Pods_Ecommerce.framework in Frameworks */,
			);
			runOnlyForDeploymentPostprocessing = 0;
		};
/* End PBXFrameworksBuildPhase section */

/* Begin PBXGroup section */
		43E95E73C84C16765748718E /* Frameworks */ = {
			isa = PBXGroup;
			children = (
				C4DB6BD02C8FACA3004DF615 /* CoreLocation.framework */,
				E3078625EF13FE0A4CFCA136 /* Pods_Ecommerce.framework */,
			);
			name = Frameworks;
			sourceTree = "<group>";
		};
		7660C6698174C1F854842D88 /* Pods */ = {
			isa = PBXGroup;
			children = (
				8E4A067E0C7D83D303BC9230 /* Pods-Ecommerce.debug.xcconfig */,
				02D4373426EC8798603F4737 /* Pods-Ecommerce.release.xcconfig */,
			);
			path = Pods;
			sourceTree = "<group>";
		};
		C423BD2C2C5E672B0066ACBC /* signUp */ = {
			isa = PBXGroup;
			children = (
				C423BD2D2C5E674A0066ACBC /* SignUpController.swift */,
				C42C80022C657E6F009D499A /* SignUpViewModel.swift */,
			);
			path = signUp;
			sourceTree = "<group>";
		};
		C43FCFB72C56DC91005A1AFA /* signIn */ = {
			isa = PBXGroup;
			children = (
				C43FCFB82C56DCB9005A1AFA /* SignInController.swift */,
				C42C80042C657EE9009D499A /* SignInViewModel.swift */,
			);
			path = signIn;
			sourceTree = "<group>";
		};
		D946D3EA2C81EBC000A56EF7 /* training */ = {
			isa = PBXGroup;
			children = (
				D946D3E82C81EB9F00A56EF7 /* TrainingController.swift */,
				D946D3EB2C81EBD200A56EF7 /* TrainingViewModel.swift */,
				D946D3ED2C81EC8700A56EF7 /* TrainingTableView.swift */,
			);
			path = training;
			sourceTree = "<group>";
		};
		D946D3EF2C82111900A56EF7 /* individual */ = {
			isa = PBXGroup;
			children = (
				D946D3F32C82114D00A56EF7 /* IndividualTabbarController.swift */,
			);
			path = individual;
			sourceTree = "<group>";
		};
		D946D3F02C82111E00A56EF7 /* corporate */ = {
			isa = PBXGroup;
			children = (
				D953082D2C8CB5A100914617 /* shops */,
				D95308242C8CB2BF00914617 /* profile */,
				D946D3F12C82112B00A56EF7 /* CorporateTabbarController.swift */,
			);
			path = corporate;
			sourceTree = "<group>";
		};
		D95308242C8CB2BF00914617 /* profile */ = {
			isa = PBXGroup;
			children = (
				D95308282C8CB52E00914617 /* root */,
				D95308262C8CB4F500914617 /* CorProfileNavigationController.swift */,
			);
			path = profile;
			sourceTree = "<group>";
		};
		D95308282C8CB52E00914617 /* root */ = {
			isa = PBXGroup;
			children = (
				D95308292C8CB54100914617 /* CorProfileController.swift */,
				D953082B2C8CB57400914617 /* CorProfileViewModel.swift */,
			);
			path = root;
			sourceTree = "<group>";
		};
		D953082D2C8CB5A100914617 /* shops */ = {
			isa = PBXGroup;
			children = (
				D9D6D2212C8DEBDA00037CCD /* addShop */,
				D95308302C8CB5D800914617 /* root */,
				D953082E2C8CB5C400914617 /* CorShopsNavigationController.swift */,
			);
			path = shops;
			sourceTree = "<group>";
		};
		D95308302C8CB5D800914617 /* root */ = {
			isa = PBXGroup;
			children = (
				D95308312C8CB5F800914617 /* CorShopsController.swift */,
				D95308332C8CB61100914617 /* CorShopsViewModel.swift */,
			);
			path = root;
			sourceTree = "<group>";
		};
		D99F670A2C7A37D500519F89 /* login */ = {
			isa = PBXGroup;
			children = (
				D9B02A912C559E1F0018B499 /* splash */,
				C423BD2C2C5E672B0066ACBC /* signUp */,
				C43FCFB72C56DC91005A1AFA /* signIn */,
				D9D7CAD52C7A39AF0006B2FB /* LoginNavigationController.swift */,
			);
			path = login;
			sourceTree = "<group>";
		};
		D9B02A652C558B890018B499 = {
			isa = PBXGroup;
			children = (
				D9B02A702C558B890018B499 /* Ecommerce */,
				D9B02A6F2C558B890018B499 /* Products */,
				7660C6698174C1F854842D88 /* Pods */,
				43E95E73C84C16765748718E /* Frameworks */,
			);
			sourceTree = "<group>";
		};
		D9B02A6F2C558B890018B499 /* Products */ = {
			isa = PBXGroup;
			children = (
				D9B02A6E2C558B890018B499 /* Ecommerce.app */,
			);
			name = Products;
			sourceTree = "<group>";
		};
		D9B02A702C558B890018B499 /* Ecommerce */ = {
			isa = PBXGroup;
			children = (
				D9CCD8662C62C42000CA713C /* services */,
				D9F564CC2C597C1800DEDC66 /* utils */,
				D9F564C92C597B9700DEDC66 /* components */,
				D9B02A872C559D350018B499 /* base */,
				D9B02A902C559DF80018B499 /* scenes */,
				D9B02A712C558B890018B499 /* AppDelegate.swift */,
				D9B02A732C558B890018B499 /* SceneDelegate.swift */,
				D9B02A7A2C558B8A0018B499 /* Assets.xcassets */,
				D9B02A7C2C558B8A0018B499 /* LaunchScreen.storyboard */,
				D9B02A7F2C558B8A0018B499 /* Info.plist */,
				D9B02A852C5593BF0018B499 /* GoogleService-Info.plist */,
			);
			path = Ecommerce;
			sourceTree = "<group>";
		};
		D9B02A872C559D350018B499 /* base */ = {
			isa = PBXGroup;
			children = (
				D9B02A882C559D4E0018B499 /* Controller.swift */,
				D9B02A8A2C559D880018B499 /* ViewModel.swift */,
				D9B02A8C2C559DA00018B499 /* NavigationController.swift */,
				D9B02A8E2C559DE40018B499 /* TabbarController.swift */,
				D93B92362C56DB0400F0BF6F /* Views.swift */,
				D9D028822C68FFA7008D3731 /* Enums.swift */,
				D9D028842C6901EC008D3731 /* Models.swift */,
				D946D3E62C81EB4100A56EF7 /* TableView.swift */,
			);
			path = base;
			sourceTree = "<group>";
		};
		D9B02A902C559DF80018B499 /* scenes */ = {
			isa = PBXGroup;
			children = (
				D946D3F02C82111E00A56EF7 /* corporate */,
				D946D3EF2C82111900A56EF7 /* individual */,
				D946D3EA2C81EBC000A56EF7 /* training */,
				D99F670A2C7A37D500519F89 /* login */,
			);
			path = scenes;
			sourceTree = "<group>";
		};
		D9B02A912C559E1F0018B499 /* splash */ = {
			isa = PBXGroup;
			children = (
				D9B02A922C559E2A0018B499 /* SplashController.swift */,
				D9B02A942C559E3A0018B499 /* SplashViewModel.swift */,
			);
			path = splash;
			sourceTree = "<group>";
		};
		D9CCD8662C62C42000CA713C /* services */ = {
			isa = PBXGroup;
			children = (
				D9CCD8672C62C42900CA713C /* AuthService.swift */,
				D9CCD8692C62C45B00CA713C /* DatabaseService.swift */,
				D94F15B32C7218BF00CD0850 /* ParserService.swift */,
				D9B559A32C7916FD007DA2C8 /* UserDefaultsService.swift */,
				D97846832C9CBE73008ED603 /* LocationService.swift */,
			);
			path = services;
			sourceTree = "<group>";
		};
		D9D6D2212C8DEBDA00037CCD /* addShop */ = {
			isa = PBXGroup;
			children = (
				D9D6D2242C8DEBF600037CCD /* CorAddShopViewModel.swift */,
				C4519CA42C8E358E0039ACCF /* CorAddShopController.swift */,
			);
			path = addShop;
			sourceTree = "<group>";
		};
		D9F564C92C597B9700DEDC66 /* components */ = {
			isa = PBXGroup;
			children = (
				D9F564CA2C597BA600DEDC66 /* Buttons.swift */,
				D9CCD86D2C62E05B00CA713C /* LoadingView.swift */,
				D9578F672C65696200D6DB1E /* TextFieldLayout.swift */,
				D9D028802C68FEE3008D3731 /* AlertView.swift */,
				D94F15B52C723A3F00CD0850 /* SegmentView.swift */,
			);
			path = components;
			sourceTree = "<group>";
		};
		D9F564CC2C597C1800DEDC66 /* utils */ = {
			isa = PBXGroup;
			children = (
				D9F564CD2C597C1E00DEDC66 /* Device.swift */,
				D9CCD86B2C62C73300CA713C /* Extensions.swift */,
			);
			path = utils;
			sourceTree = "<group>";
		};
/* End PBXGroup section */

/* Begin PBXNativeTarget section */
		D9B02A6D2C558B890018B499 /* Ecommerce */ = {
			isa = PBXNativeTarget;
			buildConfigurationList = D9B02A822C558B8A0018B499 /* Build configuration list for PBXNativeTarget "Ecommerce" */;
			buildPhases = (
				B5425BC4C40DCBE8010AECAC /* [CP] Check Pods Manifest.lock */,
				D9B02A6A2C558B890018B499 /* Sources */,
				D9B02A6B2C558B890018B499 /* Frameworks */,
				D9B02A6C2C558B890018B499 /* Resources */,
				868223C45B4EE95A5EB8C64C /* [CP] Embed Pods Frameworks */,
			);
			buildRules = (
			);
			dependencies = (
			);
			name = Ecommerce;
			productName = Ecommerce;
			productReference = D9B02A6E2C558B890018B499 /* Ecommerce.app */;
			productType = "com.apple.product-type.application";
		};
/* End PBXNativeTarget section */

/* Begin PBXProject section */
		D9B02A662C558B890018B499 /* Project object */ = {
			isa = PBXProject;
			attributes = {
				BuildIndependentTargetsInParallel = 1;
				LastSwiftUpdateCheck = 1540;
				LastUpgradeCheck = 1540;
				TargetAttributes = {
					D9B02A6D2C558B890018B499 = {
						CreatedOnToolsVersion = 15.4;
					};
				};
			};
			buildConfigurationList = D9B02A692C558B890018B499 /* Build configuration list for PBXProject "Ecommerce" */;
			compatibilityVersion = "Xcode 14.0";
			developmentRegion = en;
			hasScannedForEncodings = 0;
			knownRegions = (
				en,
				Base,
			);
			mainGroup = D9B02A652C558B890018B499;
			productRefGroup = D9B02A6F2C558B890018B499 /* Products */;
			projectDirPath = "";
			projectRoot = "";
			targets = (
				D9B02A6D2C558B890018B499 /* Ecommerce */,
			);
		};
/* End PBXProject section */

/* Begin PBXResourcesBuildPhase section */
		D9B02A6C2C558B890018B499 /* Resources */ = {
			isa = PBXResourcesBuildPhase;
			buildActionMask = 2147483647;
			files = (
				D9B02A7B2C558B8A0018B499 /* Assets.xcassets in Resources */,
				D9B02A862C5593BF0018B499 /* GoogleService-Info.plist in Resources */,
				D9B02A7E2C558B8A0018B499 /* Base in Resources */,
			);
			runOnlyForDeploymentPostprocessing = 0;
		};
/* End PBXResourcesBuildPhase section */

/* Begin PBXShellScriptBuildPhase section */
		868223C45B4EE95A5EB8C64C /* [CP] Embed Pods Frameworks */ = {
			isa = PBXShellScriptBuildPhase;
			buildActionMask = 2147483647;
			files = (
			);
			inputFileListPaths = (
				"${PODS_ROOT}/Target Support Files/Pods-Ecommerce/Pods-Ecommerce-frameworks-${CONFIGURATION}-input-files.xcfilelist",
			);
			name = "[CP] Embed Pods Frameworks";
			outputFileListPaths = (
				"${PODS_ROOT}/Target Support Files/Pods-Ecommerce/Pods-Ecommerce-frameworks-${CONFIGURATION}-output-files.xcfilelist",
			);
			runOnlyForDeploymentPostprocessing = 0;
			shellPath = /bin/sh;
			shellScript = "\"${PODS_ROOT}/Target Support Files/Pods-Ecommerce/Pods-Ecommerce-frameworks.sh\"\n";
			showEnvVarsInLog = 0;
		};
		B5425BC4C40DCBE8010AECAC /* [CP] Check Pods Manifest.lock */ = {
			isa = PBXShellScriptBuildPhase;
			buildActionMask = 2147483647;
			files = (
			);
			inputFileListPaths = (
			);
			inputPaths = (
				"${PODS_PODFILE_DIR_PATH}/Podfile.lock",
				"${PODS_ROOT}/Manifest.lock",
			);
			name = "[CP] Check Pods Manifest.lock";
			outputFileListPaths = (
			);
			outputPaths = (
				"$(DERIVED_FILE_DIR)/Pods-Ecommerce-checkManifestLockResult.txt",
			);
			runOnlyForDeploymentPostprocessing = 0;
			shellPath = /bin/sh;
			shellScript = "diff \"${PODS_PODFILE_DIR_PATH}/Podfile.lock\" \"${PODS_ROOT}/Manifest.lock\" > /dev/null\nif [ $? != 0 ] ; then\n    # print error to STDERR\n    echo \"error: The sandbox is not in sync with the Podfile.lock. Run 'pod install' or update your CocoaPods installation.\" >&2\n    exit 1\nfi\n# This output is used by Xcode 'outputs' to avoid re-running this script phase.\necho \"SUCCESS\" > \"${SCRIPT_OUTPUT_FILE_0}\"\n";
			showEnvVarsInLog = 0;
		};
/* End PBXShellScriptBuildPhase section */

/* Begin PBXSourcesBuildPhase section */
		D9B02A6A2C558B890018B499 /* Sources */ = {
			isa = PBXSourcesBuildPhase;
			buildActionMask = 2147483647;
			files = (
				D9CCD86A2C62C45B00CA713C /* DatabaseService.swift in Sources */,
				C4519CA52C8E358E0039ACCF /* CorAddShopController.swift in Sources */,
				D94F15B62C723A3F00CD0850 /* SegmentView.swift in Sources */,
				D9CCD86C2C62C73300CA713C /* Extensions.swift in Sources */,
				D95308342C8CB61100914617 /* CorShopsViewModel.swift in Sources */,
				D946D3E92C81EB9F00A56EF7 /* TrainingController.swift in Sources */,
				D953082F2C8CB5C400914617 /* CorShopsNavigationController.swift in Sources */,
				C42C80052C657EE9009D499A /* SignInViewModel.swift in Sources */,
				D953082C2C8CB57400914617 /* CorProfileViewModel.swift in Sources */,
				D9B02A932C559E2A0018B499 /* SplashController.swift in Sources */,
				C423BD2E2C5E674A0066ACBC /* SignUpController.swift in Sources */,
				D9B02A8B2C559D880018B499 /* ViewModel.swift in Sources */,
				D9F564CB2C597BA600DEDC66 /* Buttons.swift in Sources */,
				D946D3E72C81EB4100A56EF7 /* TableView.swift in Sources */,
				D9D6D2252C8DEBF600037CCD /* CorAddShopViewModel.swift in Sources */,
				D9F564CE2C597C1E00DEDC66 /* Device.swift in Sources */,
				D9B02A8D2C559DA00018B499 /* NavigationController.swift in Sources */,
				D9B02A952C559E3A0018B499 /* SplashViewModel.swift in Sources */,
				D9B02A722C558B890018B499 /* AppDelegate.swift in Sources */,
				D9B02A892C559D4E0018B499 /* Controller.swift in Sources */,
				D9B02A742C558B890018B499 /* SceneDelegate.swift in Sources */,
				D946D3EE2C81EC8700A56EF7 /* TrainingTableView.swift in Sources */,
				D946D3F42C82114D00A56EF7 /* IndividualTabbarController.swift in Sources */,
				D95308322C8CB5F800914617 /* CorShopsController.swift in Sources */,
				D9B559A42C7916FD007DA2C8 /* UserDefaultsService.swift in Sources */,
				D95308272C8CB4F500914617 /* CorProfileNavigationController.swift in Sources */,
				C43FCFB92C56DCB9005A1AFA /* SignInController.swift in Sources */,
				D93B92372C56DB0400F0BF6F /* Views.swift in Sources */,
				D97846842C9CBE73008ED603 /* LocationService.swift in Sources */,
				D946D3EC2C81EBD200A56EF7 /* TrainingViewModel.swift in Sources */,
				C42C80032C657E6F009D499A /* SignUpViewModel.swift in Sources */,
				D946D3F22C82112B00A56EF7 /* CorporateTabbarController.swift in Sources */,
				D9D028812C68FEE3008D3731 /* AlertView.swift in Sources */,
				D9578F682C65696200D6DB1E /* TextFieldLayout.swift in Sources */,
				D9B02A8F2C559DE40018B499 /* TabbarController.swift in Sources */,
				D953082A2C8CB54100914617 /* CorProfileController.swift in Sources */,
				D9CCD86E2C62E05B00CA713C /* LoadingView.swift in Sources */,
				D9D028832C68FFA7008D3731 /* Enums.swift in Sources */,
				D9CCD8682C62C42900CA713C /* AuthService.swift in Sources */,
				D94F15B42C7218BF00CD0850 /* ParserService.swift in Sources */,
				D9D028852C6901EC008D3731 /* Models.swift in Sources */,
				D9D7CAD62C7A39AF0006B2FB /* LoginNavigationController.swift in Sources */,
			);
			runOnlyForDeploymentPostprocessing = 0;
		};
/* End PBXSourcesBuildPhase section */

/* Begin PBXVariantGroup section */
		D9B02A7C2C558B8A0018B499 /* LaunchScreen.storyboard */ = {
			isa = PBXVariantGroup;
			children = (
				D9B02A7D2C558B8A0018B499 /* Base */,
			);
			name = LaunchScreen.storyboard;
			sourceTree = "<group>";
		};
/* End PBXVariantGroup section */

/* Begin XCBuildConfiguration section */
		D9B02A802C558B8A0018B499 /* Debug */ = {
			isa = XCBuildConfiguration;
			buildSettings = {
				ALWAYS_SEARCH_USER_PATHS = NO;
				ASSETCATALOG_COMPILER_GENERATE_SWIFT_ASSET_SYMBOL_EXTENSIONS = YES;
				CLANG_ANALYZER_NONNULL = YES;
				CLANG_ANALYZER_NUMBER_OBJECT_CONVERSION = YES_AGGRESSIVE;
				CLANG_CXX_LANGUAGE_STANDARD = "gnu++20";
				CLANG_ENABLE_MODULES = YES;
				CLANG_ENABLE_OBJC_ARC = YES;
				CLANG_ENABLE_OBJC_WEAK = YES;
				CLANG_WARN_BLOCK_CAPTURE_AUTORELEASING = YES;
				CLANG_WARN_BOOL_CONVERSION = YES;
				CLANG_WARN_COMMA = YES;
				CLANG_WARN_CONSTANT_CONVERSION = YES;
				CLANG_WARN_DEPRECATED_OBJC_IMPLEMENTATIONS = YES;
				CLANG_WARN_DIRECT_OBJC_ISA_USAGE = YES_ERROR;
				CLANG_WARN_DOCUMENTATION_COMMENTS = YES;
				CLANG_WARN_EMPTY_BODY = YES;
				CLANG_WARN_ENUM_CONVERSION = YES;
				CLANG_WARN_INFINITE_RECURSION = YES;
				CLANG_WARN_INT_CONVERSION = YES;
				CLANG_WARN_NON_LITERAL_NULL_CONVERSION = YES;
				CLANG_WARN_OBJC_IMPLICIT_RETAIN_SELF = YES;
				CLANG_WARN_OBJC_LITERAL_CONVERSION = YES;
				CLANG_WARN_OBJC_ROOT_CLASS = YES_ERROR;
				CLANG_WARN_QUOTED_INCLUDE_IN_FRAMEWORK_HEADER = YES;
				CLANG_WARN_RANGE_LOOP_ANALYSIS = YES;
				CLANG_WARN_STRICT_PROTOTYPES = YES;
				CLANG_WARN_SUSPICIOUS_MOVE = YES;
				CLANG_WARN_UNGUARDED_AVAILABILITY = YES_AGGRESSIVE;
				CLANG_WARN_UNREACHABLE_CODE = YES;
				CLANG_WARN__DUPLICATE_METHOD_MATCH = YES;
				COPY_PHASE_STRIP = NO;
				DEBUG_INFORMATION_FORMAT = dwarf;
				ENABLE_STRICT_OBJC_MSGSEND = YES;
				ENABLE_TESTABILITY = YES;
				ENABLE_USER_SCRIPT_SANDBOXING = NO;
				GCC_C_LANGUAGE_STANDARD = gnu17;
				GCC_DYNAMIC_NO_PIC = NO;
				GCC_NO_COMMON_BLOCKS = YES;
				GCC_OPTIMIZATION_LEVEL = 0;
				GCC_PREPROCESSOR_DEFINITIONS = (
					"DEBUG=1",
					"$(inherited)",
				);
				GCC_WARN_64_TO_32_BIT_CONVERSION = YES;
				GCC_WARN_ABOUT_RETURN_TYPE = YES_ERROR;
				GCC_WARN_UNDECLARED_SELECTOR = YES;
				GCC_WARN_UNINITIALIZED_AUTOS = YES_AGGRESSIVE;
				GCC_WARN_UNUSED_FUNCTION = YES;
				GCC_WARN_UNUSED_VARIABLE = YES;
				IPHONEOS_DEPLOYMENT_TARGET = 13.0;
				LOCALIZATION_PREFERS_STRING_CATALOGS = YES;
				MTL_ENABLE_DEBUG_INFO = INCLUDE_SOURCE;
				MTL_FAST_MATH = YES;
				ONLY_ACTIVE_ARCH = YES;
				SDKROOT = iphoneos;
				SWIFT_ACTIVE_COMPILATION_CONDITIONS = "DEBUG $(inherited)";
				SWIFT_OPTIMIZATION_LEVEL = "-Onone";
			};
			name = Debug;
		};
		D9B02A812C558B8A0018B499 /* Release */ = {
			isa = XCBuildConfiguration;
			buildSettings = {
				ALWAYS_SEARCH_USER_PATHS = NO;
				ASSETCATALOG_COMPILER_GENERATE_SWIFT_ASSET_SYMBOL_EXTENSIONS = YES;
				CLANG_ANALYZER_NONNULL = YES;
				CLANG_ANALYZER_NUMBER_OBJECT_CONVERSION = YES_AGGRESSIVE;
				CLANG_CXX_LANGUAGE_STANDARD = "gnu++20";
				CLANG_ENABLE_MODULES = YES;
				CLANG_ENABLE_OBJC_ARC = YES;
				CLANG_ENABLE_OBJC_WEAK = YES;
				CLANG_WARN_BLOCK_CAPTURE_AUTORELEASING = YES;
				CLANG_WARN_BOOL_CONVERSION = YES;
				CLANG_WARN_COMMA = YES;
				CLANG_WARN_CONSTANT_CONVERSION = YES;
				CLANG_WARN_DEPRECATED_OBJC_IMPLEMENTATIONS = YES;
				CLANG_WARN_DIRECT_OBJC_ISA_USAGE = YES_ERROR;
				CLANG_WARN_DOCUMENTATION_COMMENTS = YES;
				CLANG_WARN_EMPTY_BODY = YES;
				CLANG_WARN_ENUM_CONVERSION = YES;
				CLANG_WARN_INFINITE_RECURSION = YES;
				CLANG_WARN_INT_CONVERSION = YES;
				CLANG_WARN_NON_LITERAL_NULL_CONVERSION = YES;
				CLANG_WARN_OBJC_IMPLICIT_RETAIN_SELF = YES;
				CLANG_WARN_OBJC_LITERAL_CONVERSION = YES;
				CLANG_WARN_OBJC_ROOT_CLASS = YES_ERROR;
				CLANG_WARN_QUOTED_INCLUDE_IN_FRAMEWORK_HEADER = YES;
				CLANG_WARN_RANGE_LOOP_ANALYSIS = YES;
				CLANG_WARN_STRICT_PROTOTYPES = YES;
				CLANG_WARN_SUSPICIOUS_MOVE = YES;
				CLANG_WARN_UNGUARDED_AVAILABILITY = YES_AGGRESSIVE;
				CLANG_WARN_UNREACHABLE_CODE = YES;
				CLANG_WARN__DUPLICATE_METHOD_MATCH = YES;
				COPY_PHASE_STRIP = NO;
				DEBUG_INFORMATION_FORMAT = "dwarf-with-dsym";
				ENABLE_NS_ASSERTIONS = NO;
				ENABLE_STRICT_OBJC_MSGSEND = YES;
				ENABLE_USER_SCRIPT_SANDBOXING = NO;
				GCC_C_LANGUAGE_STANDARD = gnu17;
				GCC_NO_COMMON_BLOCKS = YES;
				GCC_WARN_64_TO_32_BIT_CONVERSION = YES;
				GCC_WARN_ABOUT_RETURN_TYPE = YES_ERROR;
				GCC_WARN_UNDECLARED_SELECTOR = YES;
				GCC_WARN_UNINITIALIZED_AUTOS = YES_AGGRESSIVE;
				GCC_WARN_UNUSED_FUNCTION = YES;
				GCC_WARN_UNUSED_VARIABLE = YES;
				IPHONEOS_DEPLOYMENT_TARGET = 13.0;
				LOCALIZATION_PREFERS_STRING_CATALOGS = YES;
				MTL_ENABLE_DEBUG_INFO = NO;
				MTL_FAST_MATH = YES;
				SDKROOT = iphoneos;
				SWIFT_COMPILATION_MODE = wholemodule;
				VALIDATE_PRODUCT = YES;
			};
			name = Release;
		};
		D9B02A832C558B8A0018B499 /* Debug */ = {
			isa = XCBuildConfiguration;
			baseConfigurationReference = 8E4A067E0C7D83D303BC9230 /* Pods-Ecommerce.debug.xcconfig */;
			buildSettings = {
				ASSETCATALOG_COMPILER_APPICON_NAME = AppIcon;
				ASSETCATALOG_COMPILER_GLOBAL_ACCENT_COLOR_NAME = AccentColor;
				CODE_SIGN_STYLE = Automatic;
				CURRENT_PROJECT_VERSION = 1;
				DEVELOPMENT_TEAM = 4Q3P58HHV5;
				GENERATE_INFOPLIST_FILE = YES;
				INFOPLIST_FILE = Ecommerce/Info.plist;
				INFOPLIST_KEY_NSLocationAlwaysUsageDescription = "";
				INFOPLIST_KEY_NSLocationWhenInUseUsageDescription = "lcoation permission";
				INFOPLIST_KEY_UIApplicationSupportsIndirectInputEvents = YES;
				INFOPLIST_KEY_UILaunchStoryboardName = LaunchScreen;
				INFOPLIST_KEY_UISupportedInterfaceOrientations_iPad = "UIInterfaceOrientationPortrait UIInterfaceOrientationPortraitUpsideDown UIInterfaceOrientationLandscapeLeft UIInterfaceOrientationLandscapeRight";
				INFOPLIST_KEY_UISupportedInterfaceOrientations_iPhone = "UIInterfaceOrientationPortrait UIInterfaceOrientationLandscapeLeft UIInterfaceOrientationLandscapeRight";
				IPHONEOS_DEPLOYMENT_TARGET = 13.0;
				LD_RUNPATH_SEARCH_PATHS = (
					"$(inherited)",
					"@executable_path/Frameworks",
				);
				MARKETING_VERSION = 1.0;
				PRODUCT_BUNDLE_IDENTIFIER = com.company.Ecommerce;
				PRODUCT_NAME = "$(TARGET_NAME)";
				SWIFT_EMIT_LOC_STRINGS = YES;
				SWIFT_VERSION = 5.0;
				TARGETED_DEVICE_FAMILY = "1,2";
			};
			name = Debug;
		};
		D9B02A842C558B8A0018B499 /* Release */ = {
			isa = XCBuildConfiguration;
			baseConfigurationReference = 02D4373426EC8798603F4737 /* Pods-Ecommerce.release.xcconfig */;
			buildSettings = {
				ASSETCATALOG_COMPILER_APPICON_NAME = AppIcon;
				ASSETCATALOG_COMPILER_GLOBAL_ACCENT_COLOR_NAME = AccentColor;
				CODE_SIGN_STYLE = Automatic;
				CURRENT_PROJECT_VERSION = 1;
				DEVELOPMENT_TEAM = 4Q3P58HHV5;
				GENERATE_INFOPLIST_FILE = YES;
				INFOPLIST_FILE = Ecommerce/Info.plist;
				INFOPLIST_KEY_NSLocationAlwaysUsageDescription = "";
				INFOPLIST_KEY_NSLocationWhenInUseUsageDescription = "lcoation permission";
				INFOPLIST_KEY_UIApplicationSupportsIndirectInputEvents = YES;
				INFOPLIST_KEY_UILaunchStoryboardName = LaunchScreen;
				INFOPLIST_KEY_UISupportedInterfaceOrientations_iPad = "UIInterfaceOrientationPortrait UIInterfaceOrientationPortraitUpsideDown UIInterfaceOrientationLandscapeLeft UIInterfaceOrientationLandscapeRight";
				INFOPLIST_KEY_UISupportedInterfaceOrientations_iPhone = "UIInterfaceOrientationPortrait UIInterfaceOrientationLandscapeLeft UIInterfaceOrientationLandscapeRight";
				IPHONEOS_DEPLOYMENT_TARGET = 13.0;
				LD_RUNPATH_SEARCH_PATHS = (
					"$(inherited)",
					"@executable_path/Frameworks",
				);
				MARKETING_VERSION = 1.0;
				PRODUCT_BUNDLE_IDENTIFIER = com.company.Ecommerce;
				PRODUCT_NAME = "$(TARGET_NAME)";
				SWIFT_EMIT_LOC_STRINGS = YES;
				SWIFT_VERSION = 5.0;
				TARGETED_DEVICE_FAMILY = "1,2";
			};
			name = Release;
		};
/* End XCBuildConfiguration section */

/* Begin XCConfigurationList section */
		D9B02A692C558B890018B499 /* Build configuration list for PBXProject "Ecommerce" */ = {
			isa = XCConfigurationList;
			buildConfigurations = (
				D9B02A802C558B8A0018B499 /* Debug */,
				D9B02A812C558B8A0018B499 /* Release */,
			);
			defaultConfigurationIsVisible = 0;
			defaultConfigurationName = Release;
		};
		D9B02A822C558B8A0018B499 /* Build configuration list for PBXNativeTarget "Ecommerce" */ = {
			isa = XCConfigurationList;
			buildConfigurations = (
				D9B02A832C558B8A0018B499 /* Debug */,
				D9B02A842C558B8A0018B499 /* Release */,
			);
			defaultConfigurationIsVisible = 0;
			defaultConfigurationName = Release;
		};
/* End XCConfigurationList section */
	};
	rootObject = D9B02A662C558B890018B499 /* Project object */;
}
