// !$*UTF8*$!
{
	archiveVersion = 1;
	classes = {
	};
	objectVersion = 56;
	objects = {

/* Begin PBXBuildFile section */
		93E95C291937E56C17387982 /* Pods_Ecommerce.framework in Frameworks */ = {isa = PBXBuildFile; fileRef = 5571A5455F36BA1C85C12642 /* Pods_Ecommerce.framework */; };
		C43FCFB92C56DCB9005A1AFA /* LoginViewController.swift in Sources */ = {isa = PBXBuildFile; fileRef = C43FCFB82C56DCB9005A1AFA /* LoginViewController.swift */; };
		C43FCFBB2C56DE77005A1AFA /* CustomTextField.swift in Sources */ = {isa = PBXBuildFile; fileRef = C43FCFBA2C56DE77005A1AFA /* CustomTextField.swift */; };
		D9B02A722C558B890018B499 /* AppDelegate.swift in Sources */ = {isa = PBXBuildFile; fileRef = D9B02A712C558B890018B499 /* AppDelegate.swift */; };
		D9B02A742C558B890018B499 /* SceneDelegate.swift in Sources */ = {isa = PBXBuildFile; fileRef = D9B02A732C558B890018B499 /* SceneDelegate.swift */; };
		D9B02A762C558B890018B499 /* ViewController.swift in Sources */ = {isa = PBXBuildFile; fileRef = D9B02A752C558B890018B499 /* ViewController.swift */; };
		D9B02A7B2C558B8A0018B499 /* Assets.xcassets in Resources */ = {isa = PBXBuildFile; fileRef = D9B02A7A2C558B8A0018B499 /* Assets.xcassets */; };
		D9B02A7E2C558B8A0018B499 /* Base in Resources */ = {isa = PBXBuildFile; fileRef = D9B02A7D2C558B8A0018B499 /* Base */; };
		D9B02A862C5593BF0018B499 /* GoogleService-Info.plist in Resources */ = {isa = PBXBuildFile; fileRef = D9B02A852C5593BF0018B499 /* GoogleService-Info.plist */; };
		D9B02A892C559D4E0018B499 /* Controller.swift in Sources */ = {isa = PBXBuildFile; fileRef = D9B02A882C559D4E0018B499 /* Controller.swift */; };
		D9B02A8B2C559D880018B499 /* ViewModel.swift in Sources */ = {isa = PBXBuildFile; fileRef = D9B02A8A2C559D880018B499 /* ViewModel.swift */; };
		D9B02A8D2C559DA00018B499 /* NavigationController.swift in Sources */ = {isa = PBXBuildFile; fileRef = D9B02A8C2C559DA00018B499 /* NavigationController.swift */; };
		D9B02A8F2C559DE40018B499 /* TabbarController.swift in Sources */ = {isa = PBXBuildFile; fileRef = D9B02A8E2C559DE40018B499 /* TabbarController.swift */; };
		D9B02A932C559E2A0018B499 /* SplashController.swift in Sources */ = {isa = PBXBuildFile; fileRef = D9B02A922C559E2A0018B499 /* SplashController.swift */; };
		D9B02A952C559E3A0018B499 /* SplashViewModel.swift in Sources */ = {isa = PBXBuildFile; fileRef = D9B02A942C559E3A0018B499 /* SplashViewModel.swift */; };
/* End PBXBuildFile section */

/* Begin PBXFileReference section */
		12850CFE24D90EED6EAFC908 /* Pods-Ecommerce.debug.xcconfig */ = {isa = PBXFileReference; includeInIndex = 1; lastKnownFileType = text.xcconfig; name = "Pods-Ecommerce.debug.xcconfig"; path = "Target Support Files/Pods-Ecommerce/Pods-Ecommerce.debug.xcconfig"; sourceTree = "<group>"; };
		5571A5455F36BA1C85C12642 /* Pods_Ecommerce.framework */ = {isa = PBXFileReference; explicitFileType = wrapper.framework; includeInIndex = 0; path = Pods_Ecommerce.framework; sourceTree = BUILT_PRODUCTS_DIR; };
		A92495ACF000742C0014B461 /* Pods-Ecommerce.release.xcconfig */ = {isa = PBXFileReference; includeInIndex = 1; lastKnownFileType = text.xcconfig; name = "Pods-Ecommerce.release.xcconfig"; path = "Target Support Files/Pods-Ecommerce/Pods-Ecommerce.release.xcconfig"; sourceTree = "<group>"; };
		C43FCFB82C56DCB9005A1AFA /* LoginViewController.swift */ = {isa = PBXFileReference; lastKnownFileType = sourcecode.swift; path = LoginViewController.swift; sourceTree = "<group>"; };
		C43FCFBA2C56DE77005A1AFA /* CustomTextField.swift */ = {isa = PBXFileReference; lastKnownFileType = sourcecode.swift; path = CustomTextField.swift; sourceTree = "<group>"; };
		D9B02A6E2C558B890018B499 /* Ecommerce.app */ = {isa = PBXFileReference; explicitFileType = wrapper.application; includeInIndex = 0; path = Ecommerce.app; sourceTree = BUILT_PRODUCTS_DIR; };
		D9B02A712C558B890018B499 /* AppDelegate.swift */ = {isa = PBXFileReference; lastKnownFileType = sourcecode.swift; path = AppDelegate.swift; sourceTree = "<group>"; };
		D9B02A732C558B890018B499 /* SceneDelegate.swift */ = {isa = PBXFileReference; lastKnownFileType = sourcecode.swift; path = SceneDelegate.swift; sourceTree = "<group>"; };
		D9B02A752C558B890018B499 /* ViewController.swift */ = {isa = PBXFileReference; lastKnownFileType = sourcecode.swift; path = ViewController.swift; sourceTree = "<group>"; };
		D9B02A7A2C558B8A0018B499 /* Assets.xcassets */ = {isa = PBXFileReference; lastKnownFileType = folder.assetcatalog; path = Assets.xcassets; sourceTree = "<group>"; };
		D9B02A7D2C558B8A0018B499 /* Base */ = {isa = PBXFileReference; lastKnownFileType = file.storyboard; name = Base; path = Base.lproj/LaunchScreen.storyboard; sourceTree = "<group>"; };
		D9B02A7F2C558B8A0018B499 /* Info.plist */ = {isa = PBXFileReference; lastKnownFileType = text.plist.xml; path = Info.plist; sourceTree = "<group>"; };
		D9B02A852C5593BF0018B499 /* GoogleService-Info.plist */ = {isa = PBXFileReference; fileEncoding = 4; lastKnownFileType = text.plist.xml; path = "GoogleService-Info.plist"; sourceTree = "<group>"; };
		D9B02A882C559D4E0018B499 /* Controller.swift */ = {isa = PBXFileReference; lastKnownFileType = sourcecode.swift; path = Controller.swift; sourceTree = "<group>"; };
		D9B02A8A2C559D880018B499 /* ViewModel.swift */ = {isa = PBXFileReference; lastKnownFileType = sourcecode.swift; path = ViewModel.swift; sourceTree = "<group>"; };
		D9B02A8C2C559DA00018B499 /* NavigationController.swift */ = {isa = PBXFileReference; lastKnownFileType = sourcecode.swift; path = NavigationController.swift; sourceTree = "<group>"; };
		D9B02A8E2C559DE40018B499 /* TabbarController.swift */ = {isa = PBXFileReference; lastKnownFileType = sourcecode.swift; path = TabbarController.swift; sourceTree = "<group>"; };
		D9B02A922C559E2A0018B499 /* SplashController.swift */ = {isa = PBXFileReference; lastKnownFileType = sourcecode.swift; path = SplashController.swift; sourceTree = "<group>"; };
		D9B02A942C559E3A0018B499 /* SplashViewModel.swift */ = {isa = PBXFileReference; lastKnownFileType = sourcecode.swift; path = SplashViewModel.swift; sourceTree = "<group>"; };
/* End PBXFileReference section */

/* Begin PBXFrameworksBuildPhase section */
		D9B02A6B2C558B890018B499 /* Frameworks */ = {
			isa = PBXFrameworksBuildPhase;
			buildActionMask = 2147483647;
			files = (
				93E95C291937E56C17387982 /* Pods_Ecommerce.framework in Frameworks */,
			);
			runOnlyForDeploymentPostprocessing = 0;
		};
/* End PBXFrameworksBuildPhase section */

/* Begin PBXGroup section */
		230EC5B09010CDA42EAA3980 /* Frameworks */ = {
			isa = PBXGroup;
			children = (
				5571A5455F36BA1C85C12642 /* Pods_Ecommerce.framework */,
			);
			name = Frameworks;
			sourceTree = "<group>";
		};
		7660C6698174C1F854842D88 /* Pods */ = {
			isa = PBXGroup;
			children = (
				12850CFE24D90EED6EAFC908 /* Pods-Ecommerce.debug.xcconfig */,
				A92495ACF000742C0014B461 /* Pods-Ecommerce.release.xcconfig */,
			);
			path = Pods;
			sourceTree = "<group>";
		};
		C43FCFB72C56DC91005A1AFA /* Login */ = {
			isa = PBXGroup;
			children = (
				C43FCFBA2C56DE77005A1AFA /* CustomTextField.swift */,
				C43FCFB82C56DCB9005A1AFA /* LoginViewController.swift */,
			);
			path = Login;
			sourceTree = "<group>";
		};
		D9B02A652C558B890018B499 = {
			isa = PBXGroup;
			children = (
				D9B02A702C558B890018B499 /* Ecommerce */,
				D9B02A6F2C558B890018B499 /* Products */,
				7660C6698174C1F854842D88 /* Pods */,
				230EC5B09010CDA42EAA3980 /* Frameworks */,
			);
			sourceTree = "<group>";
		};
		D9B02A6F2C558B890018B499 /* Products */ = {
			isa = PBXGroup;
			children = (
				D9B02A6E2C558B890018B499 /* Ecommerce.app */,
			);
			name = Products;
			sourceTree = "<group>";
		};
		D9B02A702C558B890018B499 /* Ecommerce */ = {
			isa = PBXGroup;
			children = (
				D9B02A872C559D350018B499 /* base */,
				D9B02A902C559DF80018B499 /* scenes */,
				D9B02A712C558B890018B499 /* AppDelegate.swift */,
				D9B02A732C558B890018B499 /* SceneDelegate.swift */,
				D9B02A752C558B890018B499 /* ViewController.swift */,
				D9B02A7A2C558B8A0018B499 /* Assets.xcassets */,
				D9B02A7C2C558B8A0018B499 /* LaunchScreen.storyboard */,
				D9B02A7F2C558B8A0018B499 /* Info.plist */,
				D9B02A852C5593BF0018B499 /* GoogleService-Info.plist */,
			);
			path = Ecommerce;
			sourceTree = "<group>";
		};
		D9B02A872C559D350018B499 /* base */ = {
			isa = PBXGroup;
			children = (
				D9B02A882C559D4E0018B499 /* Controller.swift */,
				D9B02A8A2C559D880018B499 /* ViewModel.swift */,
				D9B02A8C2C559DA00018B499 /* NavigationController.swift */,
				D9B02A8E2C559DE40018B499 /* TabbarController.swift */,
			);
			path = base;
			sourceTree = "<group>";
		};
		D9B02A902C559DF80018B499 /* scenes */ = {
			isa = PBXGroup;
			children = (
				C43FCFB72C56DC91005A1AFA /* Login */,
				D9B02A912C559E1F0018B499 /* splash */,
			);
			path = scenes;
			sourceTree = "<group>";
		};
		D9B02A912C559E1F0018B499 /* splash */ = {
			isa = PBXGroup;
			children = (
				D9B02A922C559E2A0018B499 /* SplashController.swift */,
				D9B02A942C559E3A0018B499 /* SplashViewModel.swift */,
			);
			path = splash;
			sourceTree = "<group>";
		};
/* End PBXGroup section */

/* Begin PBXNativeTarget section */
		D9B02A6D2C558B890018B499 /* Ecommerce */ = {
			isa = PBXNativeTarget;
			buildConfigurationList = D9B02A822C558B8A0018B499 /* Build configuration list for PBXNativeTarget "Ecommerce" */;
			buildPhases = (
				E7E2F30CE2AAEFAF087B071B /* [CP] Check Pods Manifest.lock */,
				D9B02A6A2C558B890018B499 /* Sources */,
				D9B02A6B2C558B890018B499 /* Frameworks */,
				D9B02A6C2C558B890018B499 /* Resources */,
				37D70792DA7E92BE61ECFD32 /* [CP] Embed Pods Frameworks */,
			);
			buildRules = (
			);
			dependencies = (
			);
			name = Ecommerce;
			productName = Ecommerce;
			productReference = D9B02A6E2C558B890018B499 /* Ecommerce.app */;
			productType = "com.apple.product-type.application";
		};
/* End PBXNativeTarget section */

/* Begin PBXProject section */
		D9B02A662C558B890018B499 /* Project object */ = {
			isa = PBXProject;
			attributes = {
				BuildIndependentTargetsInParallel = 1;
				LastSwiftUpdateCheck = 1540;
				LastUpgradeCheck = 1540;
				TargetAttributes = {
					D9B02A6D2C558B890018B499 = {
						CreatedOnToolsVersion = 15.4;
					};
				};
			};
			buildConfigurationList = D9B02A692C558B890018B499 /* Build configuration list for PBXProject "Ecommerce" */;
			compatibilityVersion = "Xcode 14.0";
			developmentRegion = en;
			hasScannedForEncodings = 0;
			knownRegions = (
				en,
				Base,
			);
			mainGroup = D9B02A652C558B890018B499;
			productRefGroup = D9B02A6F2C558B890018B499 /* Products */;
			projectDirPath = "";
			projectRoot = "";
			targets = (
				D9B02A6D2C558B890018B499 /* Ecommerce */,
			);
		};
/* End PBXProject section */

/* Begin PBXResourcesBuildPhase section */
		D9B02A6C2C558B890018B499 /* Resources */ = {
			isa = PBXResourcesBuildPhase;
			buildActionMask = 2147483647;
			files = (
				D9B02A7B2C558B8A0018B499 /* Assets.xcassets in Resources */,
				D9B02A862C5593BF0018B499 /* GoogleService-Info.plist in Resources */,
				D9B02A7E2C558B8A0018B499 /* Base in Resources */,
			);
			runOnlyForDeploymentPostprocessing = 0;
		};
/* End PBXResourcesBuildPhase section */

/* Begin PBXShellScriptBuildPhase section */
		37D70792DA7E92BE61ECFD32 /* [CP] Embed Pods Frameworks */ = {
			isa = PBXShellScriptBuildPhase;
			buildActionMask = 2147483647;
			files = (
			);
			inputFileListPaths = (
				"${PODS_ROOT}/Target Support Files/Pods-Ecommerce/Pods-Ecommerce-frameworks-${CONFIGURATION}-input-files.xcfilelist",
			);
			name = "[CP] Embed Pods Frameworks";
			outputFileListPaths = (
				"${PODS_ROOT}/Target Support Files/Pods-Ecommerce/Pods-Ecommerce-frameworks-${CONFIGURATION}-output-files.xcfilelist",
			);
			runOnlyForDeploymentPostprocessing = 0;
			shellPath = /bin/sh;
			shellScript = "\"${PODS_ROOT}/Target Support Files/Pods-Ecommerce/Pods-Ecommerce-frameworks.sh\"\n";
			showEnvVarsInLog = 0;
		};
		E7E2F30CE2AAEFAF087B071B /* [CP] Check Pods Manifest.lock */ = {
			isa = PBXShellScriptBuildPhase;
			buildActionMask = 2147483647;
			files = (
			);
			inputFileListPaths = (
			);
			inputPaths = (
				"${PODS_PODFILE_DIR_PATH}/Podfile.lock",
				"${PODS_ROOT}/Manifest.lock",
			);
			name = "[CP] Check Pods Manifest.lock";
			outputFileListPaths = (
			);
			outputPaths = (
				"$(DERIVED_FILE_DIR)/Pods-Ecommerce-checkManifestLockResult.txt",
			);
			runOnlyForDeploymentPostprocessing = 0;
			shellPath = /bin/sh;
			shellScript = "diff \"${PODS_PODFILE_DIR_PATH}/Podfile.lock\" \"${PODS_ROOT}/Manifest.lock\" > /dev/null\nif [ $? != 0 ] ; then\n    # print error to STDERR\n    echo \"error: The sandbox is not in sync with the Podfile.lock. Run 'pod install' or update your CocoaPods installation.\" >&2\n    exit 1\nfi\n# This output is used by Xcode 'outputs' to avoid re-running this script phase.\necho \"SUCCESS\" > \"${SCRIPT_OUTPUT_FILE_0}\"\n";
			showEnvVarsInLog = 0;
		};
/* End PBXShellScriptBuildPhase section */

/* Begin PBXSourcesBuildPhase section */
		D9B02A6A2C558B890018B499 /* Sources */ = {
			isa = PBXSourcesBuildPhase;
			buildActionMask = 2147483647;
			files = (
				D9B02A932C559E2A0018B499 /* SplashController.swift in Sources */,
				C43FCFBB2C56DE77005A1AFA /* CustomTextField.swift in Sources */,
				D9B02A8B2C559D880018B499 /* ViewModel.swift in Sources */,
				D9B02A8D2C559DA00018B499 /* NavigationController.swift in Sources */,
				D9B02A952C559E3A0018B499 /* SplashViewModel.swift in Sources */,
				D9B02A762C558B890018B499 /* ViewController.swift in Sources */,
				D9B02A722C558B890018B499 /* AppDelegate.swift in Sources */,
				D9B02A892C559D4E0018B499 /* Controller.swift in Sources */,
				D9B02A742C558B890018B499 /* SceneDelegate.swift in Sources */,
				C43FCFB92C56DCB9005A1AFA /* LoginViewController.swift in Sources */,
				D9B02A8F2C559DE40018B499 /* TabbarController.swift in Sources */,
			);
			runOnlyForDeploymentPostprocessing = 0;
		};
/* End PBXSourcesBuildPhase section */

/* Begin PBXVariantGroup section */
		D9B02A7C2C558B8A0018B499 /* LaunchScreen.storyboard */ = {
			isa = PBXVariantGroup;
			children = (
				D9B02A7D2C558B8A0018B499 /* Base */,
			);
			name = LaunchScreen.storyboard;
			sourceTree = "<group>";
		};
/* End PBXVariantGroup section */

/* Begin XCBuildConfiguration section */
		D9B02A802C558B8A0018B499 /* Debug */ = {
			isa = XCBuildConfiguration;
			buildSettings = {
				ALWAYS_SEARCH_USER_PATHS = NO;
				ASSETCATALOG_COMPILER_GENERATE_SWIFT_ASSET_SYMBOL_EXTENSIONS = YES;
				CLANG_ANALYZER_NONNULL = YES;
				CLANG_ANALYZER_NUMBER_OBJECT_CONVERSION = YES_AGGRESSIVE;
				CLANG_CXX_LANGUAGE_STANDARD = "gnu++20";
				CLANG_ENABLE_MODULES = YES;
				CLANG_ENABLE_OBJC_ARC = YES;
				CLANG_ENABLE_OBJC_WEAK = YES;
				CLANG_WARN_BLOCK_CAPTURE_AUTORELEASING = YES;
				CLANG_WARN_BOOL_CONVERSION = YES;
				CLANG_WARN_COMMA = YES;
				CLANG_WARN_CONSTANT_CONVERSION = YES;
				CLANG_WARN_DEPRECATED_OBJC_IMPLEMENTATIONS = YES;
				CLANG_WARN_DIRECT_OBJC_ISA_USAGE = YES_ERROR;
				CLANG_WARN_DOCUMENTATION_COMMENTS = YES;
				CLANG_WARN_EMPTY_BODY = YES;
				CLANG_WARN_ENUM_CONVERSION = YES;
				CLANG_WARN_INFINITE_RECURSION = YES;
				CLANG_WARN_INT_CONVERSION = YES;
				CLANG_WARN_NON_LITERAL_NULL_CONVERSION = YES;
				CLANG_WARN_OBJC_IMPLICIT_RETAIN_SELF = YES;
				CLANG_WARN_OBJC_LITERAL_CONVERSION = YES;
				CLANG_WARN_OBJC_ROOT_CLASS = YES_ERROR;
				CLANG_WARN_QUOTED_INCLUDE_IN_FRAMEWORK_HEADER = YES;
				CLANG_WARN_RANGE_LOOP_ANALYSIS = YES;
				CLANG_WARN_STRICT_PROTOTYPES = YES;
				CLANG_WARN_SUSPICIOUS_MOVE = YES;
				CLANG_WARN_UNGUARDED_AVAILABILITY = YES_AGGRESSIVE;
				CLANG_WARN_UNREACHABLE_CODE = YES;
				CLANG_WARN__DUPLICATE_METHOD_MATCH = YES;
				COPY_PHASE_STRIP = NO;
				DEBUG_INFORMATION_FORMAT = dwarf;
				ENABLE_STRICT_OBJC_MSGSEND = YES;
				ENABLE_TESTABILITY = YES;
				ENABLE_USER_SCRIPT_SANDBOXING = NO;
				GCC_C_LANGUAGE_STANDARD = gnu17;
				GCC_DYNAMIC_NO_PIC = NO;
				GCC_NO_COMMON_BLOCKS = YES;
				GCC_OPTIMIZATION_LEVEL = 0;
				GCC_PREPROCESSOR_DEFINITIONS = (
					"DEBUG=1",
					"$(inherited)",
				);
				GCC_WARN_64_TO_32_BIT_CONVERSION = YES;
				GCC_WARN_ABOUT_RETURN_TYPE = YES_ERROR;
				GCC_WARN_UNDECLARED_SELECTOR = YES;
				GCC_WARN_UNINITIALIZED_AUTOS = YES_AGGRESSIVE;
				GCC_WARN_UNUSED_FUNCTION = YES;
				GCC_WARN_UNUSED_VARIABLE = YES;
				IPHONEOS_DEPLOYMENT_TARGET = 13.0;
				LOCALIZATION_PREFERS_STRING_CATALOGS = YES;
				MTL_ENABLE_DEBUG_INFO = INCLUDE_SOURCE;
				MTL_FAST_MATH = YES;
				ONLY_ACTIVE_ARCH = YES;
				SDKROOT = iphoneos;
				SWIFT_ACTIVE_COMPILATION_CONDITIONS = "DEBUG $(inherited)";
				SWIFT_OPTIMIZATION_LEVEL = "-Onone";
			};
			name = Debug;
		};
		D9B02A812C558B8A0018B499 /* Release */ = {
			isa = XCBuildConfiguration;
			buildSettings = {
				ALWAYS_SEARCH_USER_PATHS = NO;
				ASSETCATALOG_COMPILER_GENERATE_SWIFT_ASSET_SYMBOL_EXTENSIONS = YES;
				CLANG_ANALYZER_NONNULL = YES;
				CLANG_ANALYZER_NUMBER_OBJECT_CONVERSION = YES_AGGRESSIVE;
				CLANG_CXX_LANGUAGE_STANDARD = "gnu++20";
				CLANG_ENABLE_MODULES = YES;
				CLANG_ENABLE_OBJC_ARC = YES;
				CLANG_ENABLE_OBJC_WEAK = YES;
				CLANG_WARN_BLOCK_CAPTURE_AUTORELEASING = YES;
				CLANG_WARN_BOOL_CONVERSION = YES;
				CLANG_WARN_COMMA = YES;
				CLANG_WARN_CONSTANT_CONVERSION = YES;
				CLANG_WARN_DEPRECATED_OBJC_IMPLEMENTATIONS = YES;
				CLANG_WARN_DIRECT_OBJC_ISA_USAGE = YES_ERROR;
				CLANG_WARN_DOCUMENTATION_COMMENTS = YES;
				CLANG_WARN_EMPTY_BODY = YES;
				CLANG_WARN_ENUM_CONVERSION = YES;
				CLANG_WARN_INFINITE_RECURSION = YES;
				CLANG_WARN_INT_CONVERSION = YES;
				CLANG_WARN_NON_LITERAL_NULL_CONVERSION = YES;
				CLANG_WARN_OBJC_IMPLICIT_RETAIN_SELF = YES;
				CLANG_WARN_OBJC_LITERAL_CONVERSION = YES;
				CLANG_WARN_OBJC_ROOT_CLASS = YES_ERROR;
				CLANG_WARN_QUOTED_INCLUDE_IN_FRAMEWORK_HEADER = YES;
				CLANG_WARN_RANGE_LOOP_ANALYSIS = YES;
				CLANG_WARN_STRICT_PROTOTYPES = YES;
				CLANG_WARN_SUSPICIOUS_MOVE = YES;
				CLANG_WARN_UNGUARDED_AVAILABILITY = YES_AGGRESSIVE;
				CLANG_WARN_UNREACHABLE_CODE = YES;
				CLANG_WARN__DUPLICATE_METHOD_MATCH = YES;
				COPY_PHASE_STRIP = NO;
				DEBUG_INFORMATION_FORMAT = "dwarf-with-dsym";
				ENABLE_NS_ASSERTIONS = NO;
				ENABLE_STRICT_OBJC_MSGSEND = YES;
				ENABLE_USER_SCRIPT_SANDBOXING = NO;
				GCC_C_LANGUAGE_STANDARD = gnu17;
				GCC_NO_COMMON_BLOCKS = YES;
				GCC_WARN_64_TO_32_BIT_CONVERSION = YES;
				GCC_WARN_ABOUT_RETURN_TYPE = YES_ERROR;
				GCC_WARN_UNDECLARED_SELECTOR = YES;
				GCC_WARN_UNINITIALIZED_AUTOS = YES_AGGRESSIVE;
				GCC_WARN_UNUSED_FUNCTION = YES;
				GCC_WARN_UNUSED_VARIABLE = YES;
				IPHONEOS_DEPLOYMENT_TARGET = 13.0;
				LOCALIZATION_PREFERS_STRING_CATALOGS = YES;
				MTL_ENABLE_DEBUG_INFO = NO;
				MTL_FAST_MATH = YES;
				SDKROOT = iphoneos;
				SWIFT_COMPILATION_MODE = wholemodule;
				VALIDATE_PRODUCT = YES;
			};
			name = Release;
		};
		D9B02A832C558B8A0018B499 /* Debug */ = {
			isa = XCBuildConfiguration;
			baseConfigurationReference = 12850CFE24D90EED6EAFC908 /* Pods-Ecommerce.debug.xcconfig */;
			buildSettings = {
				ASSETCATALOG_COMPILER_APPICON_NAME = AppIcon;
				ASSETCATALOG_COMPILER_GLOBAL_ACCENT_COLOR_NAME = AccentColor;
				CODE_SIGN_STYLE = Automatic;
				CURRENT_PROJECT_VERSION = 1;
				DEVELOPMENT_TEAM = 85UT9GCS2Q;
				GENERATE_INFOPLIST_FILE = YES;
				INFOPLIST_FILE = Ecommerce/Info.plist;
				INFOPLIST_KEY_UIApplicationSupportsIndirectInputEvents = YES;
				INFOPLIST_KEY_UILaunchStoryboardName = LaunchScreen;
				INFOPLIST_KEY_UISupportedInterfaceOrientations_iPad = "UIInterfaceOrientationPortrait UIInterfaceOrientationPortraitUpsideDown UIInterfaceOrientationLandscapeLeft UIInterfaceOrientationLandscapeRight";
				INFOPLIST_KEY_UISupportedInterfaceOrientations_iPhone = "UIInterfaceOrientationPortrait UIInterfaceOrientationLandscapeLeft UIInterfaceOrientationLandscapeRight";
				IPHONEOS_DEPLOYMENT_TARGET = 13.0;
				LD_RUNPATH_SEARCH_PATHS = (
					"$(inherited)",
					"@executable_path/Frameworks",
				);
				MARKETING_VERSION = 1.0;
				PRODUCT_BUNDLE_IDENTIFIER = com.company.Ecommerce;
				PRODUCT_NAME = "$(TARGET_NAME)";
				SWIFT_EMIT_LOC_STRINGS = YES;
				SWIFT_VERSION = 5.0;
				TARGETED_DEVICE_FAMILY = "1,2";
			};
			name = Debug;
		};
		D9B02A842C558B8A0018B499 /* Release */ = {
			isa = XCBuildConfiguration;
			baseConfigurationReference = A92495ACF000742C0014B461 /* Pods-Ecommerce.release.xcconfig */;
			buildSettings = {
				ASSETCATALOG_COMPILER_APPICON_NAME = AppIcon;
				ASSETCATALOG_COMPILER_GLOBAL_ACCENT_COLOR_NAME = AccentColor;
				CODE_SIGN_STYLE = Automatic;
				CURRENT_PROJECT_VERSION = 1;
				DEVELOPMENT_TEAM = 85UT9GCS2Q;
				GENERATE_INFOPLIST_FILE = YES;
				INFOPLIST_FILE = Ecommerce/Info.plist;
				INFOPLIST_KEY_UIApplicationSupportsIndirectInputEvents = YES;
				INFOPLIST_KEY_UILaunchStoryboardName = LaunchScreen;
				INFOPLIST_KEY_UISupportedInterfaceOrientations_iPad = "UIInterfaceOrientationPortrait UIInterfaceOrientationPortraitUpsideDown UIInterfaceOrientationLandscapeLeft UIInterfaceOrientationLandscapeRight";
				INFOPLIST_KEY_UISupportedInterfaceOrientations_iPhone = "UIInterfaceOrientationPortrait UIInterfaceOrientationLandscapeLeft UIInterfaceOrientationLandscapeRight";
				IPHONEOS_DEPLOYMENT_TARGET = 13.0;
				LD_RUNPATH_SEARCH_PATHS = (
					"$(inherited)",
					"@executable_path/Frameworks",
				);
				MARKETING_VERSION = 1.0;
				PRODUCT_BUNDLE_IDENTIFIER = com.company.Ecommerce;
				PRODUCT_NAME = "$(TARGET_NAME)";
				SWIFT_EMIT_LOC_STRINGS = YES;
				SWIFT_VERSION = 5.0;
				TARGETED_DEVICE_FAMILY = "1,2";
			};
			name = Release;
		};
/* End XCBuildConfiguration section */

/* Begin XCConfigurationList section */
		D9B02A692C558B890018B499 /* Build configuration list for PBXProject "Ecommerce" */ = {
			isa = XCConfigurationList;
			buildConfigurations = (
				D9B02A802C558B8A0018B499 /* Debug */,
				D9B02A812C558B8A0018B499 /* Release */,
			);
			defaultConfigurationIsVisible = 0;
			defaultConfigurationName = Release;
		};
		D9B02A822C558B8A0018B499 /* Build configuration list for PBXNativeTarget "Ecommerce" */ = {
			isa = XCConfigurationList;
			buildConfigurations = (
				D9B02A832C558B8A0018B499 /* Debug */,
				D9B02A842C558B8A0018B499 /* Release */,
			);
			defaultConfigurationIsVisible = 0;
			defaultConfigurationName = Release;
		};
/* End XCConfigurationList section */
	};
	rootObject = D9B02A662C558B890018B499 /* Project object */;
}
